<?xml version="1.0" encoding="utf-8"?>
<Project ToolsVersion="4.0" xmlns="http://schemas.microsoft.com/developer/msbuild/2003">
  <ItemGroup>
    <Filter Include="Source Files">
      <UniqueIdentifier>{4FC737F1-C7A5-4376-A066-2A32D752A2FF}</UniqueIdentifier>
      <Extensions>cpp;c;cc;cxx;def;odl;idl;hpj;bat;asm;asmx</Extensions>
    </Filter>
    <Filter Include="Header Files">
      <UniqueIdentifier>{93995380-89BD-4b04-88EB-625FBE52EBFB}</UniqueIdentifier>
      <Extensions>h;hpp;hxx;hm;inl;inc;xsd</Extensions>
    </Filter>
    <Filter Include="Resource Files">
      <UniqueIdentifier>{67DA6AB6-F800-4c08-8B7A-83BB121AAD01}</UniqueIdentifier>
      <Extensions>rc;ico;cur;bmp;dlg;rc2;rct;bin;rgs;gif;jpg;jpeg;jpe;resx;tiff;tif;png;wav</Extensions>
    </Filter>
    <Filter Include="Header Files\JsonObjs">
      <UniqueIdentifier>{1eaa9bf3-140c-4105-943e-7fc2498cb50c}</UniqueIdentifier>
    </Filter>
    <Filter Include="Header Files\UI">
      <UniqueIdentifier>{8b675197-d445-46b9-9743-27c94b53aa4e}</UniqueIdentifier>
    </Filter>
    <Filter Include="Header Files\Updater">
      <UniqueIdentifier>{0578eb6c-c0e1-41e2-9d74-3d5e6695ea92}</UniqueIdentifier>
    </Filter>
    <Filter Include="Header Files\UI\RichEdit">
      <UniqueIdentifier>{7b7561d4-5e91-425a-b635-4f3619d8f2ea}</UniqueIdentifier>
    </Filter>
    <Filter Include="Header Files\Utils">
      <UniqueIdentifier>{52fe1b73-ff02-4a66-b641-5da5b07dda3f}</UniqueIdentifier>
    </Filter>
    <Filter Include="Source Files\Utils">
      <UniqueIdentifier>{86ae3449-375f-4629-acb5-33c8f0ea63ba}</UniqueIdentifier>
    </Filter>
    <Filter Include="Source Files\JsonObjs">
      <UniqueIdentifier>{adbb822d-f802-442d-9907-87aefcebc218}</UniqueIdentifier>
    </Filter>
    <Filter Include="Source Files\UI">
      <UniqueIdentifier>{c3845681-5161-4127-b3c2-9b60a64fa095}</UniqueIdentifier>
    </Filter>
    <Filter Include="Source Files\UI\RichEdit">
      <UniqueIdentifier>{5cb8916b-3681-4003-8955-2e8bfbdf2147}</UniqueIdentifier>
    </Filter>
    <Filter Include="Source Files\Updater">
      <UniqueIdentifier>{bbfa2cca-277a-4246-a1f9-effa63e3db4b}</UniqueIdentifier>
    </Filter>
    <Filter Include="Header Files\UI\Tree">
      <UniqueIdentifier>{b016a08d-aca9-498e-a69a-aef7aafbd273}</UniqueIdentifier>
    </Filter>
    <Filter Include="Source Files\UI\Tree">
      <UniqueIdentifier>{00948324-7c0d-4ae4-85d9-33ff093a55c9}</UniqueIdentifier>
    </Filter>
  </ItemGroup>
  <ItemGroup>
    <ClCompile Include="src\stdinc.cpp">
      <Filter>Source Files</Filter>
    </ClCompile>
    <ClCompile Include="src\UI\RichEdit\FastStrBuff.cpp">
      <Filter>Source Files\UI\RichEdit</Filter>
    </ClCompile>
    <ClCompile Include="src\UI\RichEdit\ImageDataObject.cpp">
      <Filter>Source Files\UI\RichEdit</Filter>
    </ClCompile>
    <ClCompile Include="src\UI\RichEdit\RichEdit.cpp">
      <Filter>Source Files\UI\RichEdit</Filter>
    </ClCompile>
    <ClCompile Include="src\Utils\BinaryFile.cpp">
      <Filter>Source Files\Utils</Filter>
    </ClCompile>
    <ClCompile Include="src\JsonObjs\Addon.cpp">
      <Filter>Source Files\JsonObjs</Filter>
    </ClCompile>
    <ClCompile Include="src\JsonObjs\AddonsList.cpp">
      <Filter>Source Files\JsonObjs</Filter>
    </ClCompile>
    <ClCompile Include="src\JsonObjs\Obj.cpp">
      <Filter>Source Files\JsonObjs</Filter>
    </ClCompile>
    <ClCompile Include="src\Utils\Dir.cpp">
      <Filter>Source Files\Utils</Filter>
    </ClCompile>
    <ClCompile Include="src\Utils\FileCopy.cpp">
      <Filter>Source Files\Utils</Filter>
    </ClCompile>
    <ClCompile Include="src\Utils\Settings.cpp">
      <Filter>Source Files\Utils</Filter>
    </ClCompile>
    <ClCompile Include="src\UI\AddonsTree.cpp">
      <Filter>Source Files\UI</Filter>
    </ClCompile>
    <ClCompile Include="src\UI\UpdateWnd.cpp">
      <Filter>Source Files\UI</Filter>
    </ClCompile>
    <ClCompile Include="src\UI\wtwMenuItem.cpp">
      <Filter>Source Files\UI</Filter>
    </ClCompile>
    <ClCompile Include="src\Updater\FilePath.cpp">
      <Filter>Source Files\Updater</Filter>
    </ClCompile>
    <ClCompile Include="src\Updater\ZipFile.cpp">
      <Filter>Source Files\Updater</Filter>
    </ClCompile>
    <ClCompile Include="src\plugin.cpp">
      <Filter>Source Files</Filter>
    </ClCompile>
    <ClCompile Include="src\Updater\AddonDeleter.cpp">
      <Filter>Source Files\Updater</Filter>
    </ClCompile>
    <ClCompile Include="src\Updater\Rollbackable.cpp">
      <Filter>Source Files\Updater</Filter>
    </ClCompile>
    <ClCompile Include="src\Updater\UpdateThread.cpp">
      <Filter>Source Files\Updater</Filter>
    </ClCompile>
    <ClCompile Include="src\Updater\InstallThread.cpp">
      <Filter>Source Files\Updater</Filter>
    </ClCompile>
    <ClCompile Include="src\Updater\ThreadScheduler.cpp">
      <Filter>Source Files\Updater</Filter>
    </ClCompile>
    <ClCompile Include="src\Updater\UniqueThread.cpp">
      <Filter>Source Files\Updater</Filter>
    </ClCompile>
  </ItemGroup>
  <ItemGroup>
    <ClInclude Include="src\resource.h">
      <Filter>Header Files</Filter>
    </ClInclude>
    <ClInclude Include="src\stdinc.h">
      <Filter>Header Files</Filter>
    </ClInclude>
    <ClInclude Include="src\JsonObjs\Addon.hpp">
      <Filter>Header Files\JsonObjs</Filter>
    </ClInclude>
    <ClInclude Include="src\JsonObjs\AddonsList.hpp">
      <Filter>Header Files\JsonObjs</Filter>
    </ClInclude>
    <ClInclude Include="src\JsonObjs\File.hpp">
      <Filter>Header Files\JsonObjs</Filter>
    </ClInclude>
    <ClInclude Include="src\JsonObjs\Obj.hpp">
      <Filter>Header Files\JsonObjs</Filter>
    </ClInclude>
    <ClInclude Include="src\JsonObjs\Rev.hpp">
      <Filter>Header Files\JsonObjs</Filter>
    </ClInclude>
    <ClInclude Include="src\JsonObjs\Section.hpp">
      <Filter>Header Files\JsonObjs</Filter>
    </ClInclude>
    <ClInclude Include="src\Utils\BinaryFile.hpp">
      <Filter>Header Files\Utils</Filter>
    </ClInclude>
    <ClInclude Include="src\Utils\Dir.hpp">
      <Filter>Header Files\Utils</Filter>
    </ClInclude>
    <ClInclude Include="src\Utils\Http.hpp">
      <Filter>Header Files\Utils</Filter>
    </ClInclude>
    <ClInclude Include="src\Utils\Mutex.hpp">
      <Filter>Header Files\Utils</Filter>
    </ClInclude>
    <ClInclude Include="src\Utils\Settings.hpp">
      <Filter>Header Files\Utils</Filter>
    </ClInclude>
    <ClInclude Include="src\ui\AddonsTree.hpp">
      <Filter>Header Files\UI</Filter>
    </ClInclude>
    <ClInclude Include="src\ui\Control.hpp">
      <Filter>Header Files\UI</Filter>
    </ClInclude>
    <ClInclude Include="src\ui\SearchBar.hpp">
      <Filter>Header Files\UI</Filter>
    </ClInclude>
    <ClInclude Include="src\ui\UpdateWnd.hpp">
      <Filter>Header Files\UI</Filter>
    </ClInclude>
    <ClInclude Include="src\UI\WtwMenuItem.hpp">
      <Filter>Header Files\UI</Filter>
    </ClInclude>
    <ClInclude Include="src\UI\RichEdit\FastStrBuff.hpp">
      <Filter>Header Files\UI\RichEdit</Filter>
    </ClInclude>
    <ClInclude Include="src\UI\RichEdit\ImageDataObject.hpp">
      <Filter>Header Files\UI\RichEdit</Filter>
    </ClInclude>
    <ClInclude Include="src\UI\RichEdit\RichEdit.hpp">
      <Filter>Header Files\UI\RichEdit</Filter>
    </ClInclude>
    <ClInclude Include="src\Updater\ZipFile.hpp">
      <Filter>Header Files\Updater</Filter>
    </ClInclude>
    <ClInclude Include="src\Updater\FilePath.hpp">
      <Filter>Header Files\Updater</Filter>
    </ClInclude>
    <ClInclude Include="src\Utils\FileCopy.hpp">
      <Filter>Header Files\Utils</Filter>
    </ClInclude>
    <ClInclude Include="src\Updater\AddonDeleter.hpp">
      <Filter>Header Files\Updater</Filter>
    </ClInclude>
    <ClInclude Include="src\Updater\InstallThread.hpp">
      <Filter>Header Files\Updater</Filter>
    </ClInclude>
    <ClInclude Include="src\Updater\Rollbackable.hpp">
      <Filter>Header Files\Updater</Filter>
    </ClInclude>
    <ClInclude Include="src\Updater\ThreadScheduler.hpp">
      <Filter>Header Files\Updater</Filter>
    </ClInclude>
    <ClInclude Include="src\Updater\UniqueThread.hpp">
      <Filter>Header Files\Updater</Filter>
    </ClInclude>
    <ClInclude Include="src\Updater\UpdateThread.hpp">
      <Filter>Header Files\Updater</Filter>
    </ClInclude>
  </ItemGroup>
  <ItemGroup>
    <None Include="src\wtwUpdate.def">
      <Filter>Resource Files</Filter>
    </None>
  </ItemGroup>
  <ItemGroup>
    <ResourceCompile Include="src\wtwUpdate.rc">
      <Filter>Resource Files</Filter>
    </ResourceCompile>
  </ItemGroup>
</Project>